
Microsoft Visual Studio Solution File, Format Version 12.00
# Visual Studio Version 17
VisualStudioVersion = 17.2.32630.192
MinimumVisualStudioVersion = 10.0.40219.1
Project("{FAE04EC0-301F-11D3-BF4B-00C04F79EFBC}") = "SkySoft.Poll", "SkySoft.Poll\SkySoft.Poll.csproj", "{A6E56350-C407-4635-87F5-E45B3EAB529A}"
EndProject
Global
	GlobalSection(SolutionConfigurationPlatforms) = preSolution
		Debug|Any CPU = Debug|Any CPU
		Release|Any CPU = Release|Any CPU
	EndGlobalSection
	GlobalSection(ProjectConfigurationPlatforms) = postSolution
		{A6E56350-C407-4635-87F5-E45B3EAB529A}.Debug|Any CPU.ActiveCfg = Debug|Any CPU
		{A6E56350-C407-4635-87F5-E45B3EAB529A}.Debug|Any CPU.Build.0 = Debug|Any CPU
		{A6E56350-C407-4635-87F5-E45B3EAB529A}.Release|Any CPU.ActiveCfg = Release|Any CPU
		{A6E56350-C407-4635-87F5-E45B3EAB529A}.Release|Any CPU.Build.0 = Release|Any CPU
	EndGlobalSection
	GlobalSection(SolutionProperties) = preSolution
		HideSolutionNode = FALSE
	EndGlobalSection
	GlobalSection(ExtensibilityGlobals) = postSolution
		SolutionGuid = {BC4AE4FA-796C-40FE-900E-965727E828E8}
	EndGlobalSection
EndGlobal
